
Microsoft Visual Studio Solution File, Format Version 12.00
# Visual Studio Version 16
VisualStudioVersion = 16.0.30711.63
MinimumVisualStudioVersion = 10.0.40219.1
Project("{FAE04EC0-301F-11D3-BF4B-00C04F79EFBC}") = "eRaceProject", "eRaceProject\eRaceProject.csproj", "{100EF76B-E308-4B32-B5E9-BFF8BDF7ED6B}"
EndProject
Project("{FAE04EC0-301F-11D3-BF4B-00C04F79EFBC}") = "eRaceSystem", "eRaceSystem\eRaceSystem.csproj", "{02204CBC-16D2-42B1-92F2-CD07D46ACDDC}"
EndProject
Global
	GlobalSection(SolutionConfigurationPlatforms) = preSolution
		Debug|Any CPU = Debug|Any CPU
		Release|Any CPU = Release|Any CPU
	EndGlobalSection
	GlobalSection(ProjectConfigurationPlatforms) = postSolution
		{100EF76B-E308-4B32-B5E9-BFF8BDF7ED6B}.Debug|Any CPU.ActiveCfg = Debug|Any CPU
		{100EF76B-E308-4B32-B5E9-BFF8BDF7ED6B}.Debug|Any CPU.Build.0 = Debug|Any CPU
		{100EF76B-E308-4B32-B5E9-BFF8BDF7ED6B}.Release|Any CPU.ActiveCfg = Release|Any CPU
		{100EF76B-E308-4B32-B5E9-BFF8BDF7ED6B}.Release|Any CPU.Build.0 = Release|Any CPU
		{02204CBC-16D2-42B1-92F2-CD07D46ACDDC}.Debug|Any CPU.ActiveCfg = Debug|Any CPU
		{02204CBC-16D2-42B1-92F2-CD07D46ACDDC}.Debug|Any CPU.Build.0 = Debug|Any CPU
		{02204CBC-16D2-42B1-92F2-CD07D46ACDDC}.Release|Any CPU.ActiveCfg = Release|Any CPU
		{02204CBC-16D2-42B1-92F2-CD07D46ACDDC}.Release|Any CPU.Build.0 = Release|Any CPU
	EndGlobalSection
	GlobalSection(SolutionProperties) = preSolution
		HideSolutionNode = FALSE
	EndGlobalSection
	GlobalSection(ExtensibilityGlobals) = postSolution
		SolutionGuid = {3135A6D4-1BB2-4072-853F-A7D4CF4532D9}
	EndGlobalSection
EndGlobal
